
Microsoft Visual Studio Solution File, Format Version 12.00
# Visual Studio 14
VisualStudioVersion = 14.0.25420.1
MinimumVisualStudioVersion = 10.0.40219.1
Project("{FAE04EC0-301F-11D3-BF4B-00C04F79EFBC}") = "DiscordSoundBoard", "DiscordSoundBoard\DiscordSoundBoard.csproj", "{D9362E1D-6974-4DD1-AB4C-D3D1526409B3}"
EndProject
Global
	GlobalSection(SolutionConfigurationPlatforms) = preSolution
		Debug|Any CPU = Debug|Any CPU
		Release|Any CPU = Release|Any CPU
	EndGlobalSection
	GlobalSection(ProjectConfigurationPlatforms) = postSolution
		{D9362E1D-6974-4DD1-AB4C-D3D1526409B3}.Debug|Any CPU.ActiveCfg = Debug|Any CPU
		{D9362E1D-6974-4DD1-AB4C-D3D1526409B3}.Debug|Any CPU.Build.0 = Debug|Any CPU
		{D9362E1D-6974-4DD1-AB4C-D3D1526409B3}.Release|Any CPU.ActiveCfg = Release|Any CPU
		{D9362E1D-6974-4DD1-AB4C-D3D1526409B3}.Release|Any CPU.Build.0 = Release|Any CPU
	EndGlobalSection
	GlobalSection(SolutionProperties) = preSolution
		HideSolutionNode = FALSE
	EndGlobalSection
EndGlobal
